
Microsoft Visual Studio Solution File, Format Version 12.00
# Visual Studio Version 17
VisualStudioVersion = 17.6.33723.286
MinimumVisualStudioVersion = 10.0.40219.1
Project("{9A19103F-16F7-4668-BE54-9A1E7A4F7556}") = "FoundationKit.Repository", "FoundationKit.Repository\FoundationKit.Repository.csproj", "{FC2FC455-2B8E-44CD-B439-93E9ABC2C1FF}"
EndProject
Project("{9A19103F-16F7-4668-BE54-9A1E7A4F7556}") = "FoundationKit.Domain", "FoundationKit.Domain\FoundationKit.Domain.csproj", "{12187A61-CE55-46B4-A2C9-D452B738DAD7}"
EndProject
Project("{9A19103F-16F7-4668-BE54-9A1E7A4F7556}") = "FoundationKit.API.Example", "FoundationKit.API.Example\FoundationKit.API.Example.csproj", "{11AB9C7E-AEAA-41B4-84B5-8EA561A50220}"
EndProject
Project("{9A19103F-16F7-4668-BE54-9A1E7A4F7556}") = "FoundationKit", "FoundationKit\FoundationKit.csproj", "{166AF99F-1CAD-4039-87B9-36566E4CA390}"
EndProject
Project("{9A19103F-16F7-4668-BE54-9A1E7A4F7556}") = "Foundationkit.Extensions", "Foundationkit.Extensions\Foundationkit.Extensions.csproj", "{F097FA0F-A013-444F-B881-34683D107823}"
EndProject
Project("{FAE04EC0-301F-11D3-BF4B-00C04F79EFBC}") = "FoundationKit.Web.Example", "FoundationKit.Web.Example\FoundationKit.Web.Example.csproj", "{CAF2AE94-755F-416D-946D-83798A6E2C12}"
EndProject
Project("{FAE04EC0-301F-11D3-BF4B-00C04F79EFBC}") = "FoundationKit.API", "FoundationKit.API\FoundationKit.API.csproj", "{C515BFEB-11D0-49FF-86AB-5A7A62C4DE12}"
EndProject
Project("{FAE04EC0-301F-11D3-BF4B-00C04F79EFBC}") = "FoundationKit.Events", "FoundationKit.Events\FoundationKit.Events.csproj", "{E11C9757-68F7-44F8-A9A8-C13AA815C5C7}"
EndProject
Global
	GlobalSection(SolutionConfigurationPlatforms) = preSolution
		Debug|Any CPU = Debug|Any CPU
		Release|Any CPU = Release|Any CPU
	EndGlobalSection
	GlobalSection(ProjectConfigurationPlatforms) = postSolution
		{FC2FC455-2B8E-44CD-B439-93E9ABC2C1FF}.Debug|Any CPU.ActiveCfg = Debug|Any CPU
		{FC2FC455-2B8E-44CD-B439-93E9ABC2C1FF}.Debug|Any CPU.Build.0 = Debug|Any CPU
		{FC2FC455-2B8E-44CD-B439-93E9ABC2C1FF}.Release|Any CPU.ActiveCfg = Release|Any CPU
		{FC2FC455-2B8E-44CD-B439-93E9ABC2C1FF}.Release|Any CPU.Build.0 = Release|Any CPU
		{12187A61-CE55-46B4-A2C9-D452B738DAD7}.Debug|Any CPU.ActiveCfg = Debug|Any CPU
		{12187A61-CE55-46B4-A2C9-D452B738DAD7}.Debug|Any CPU.Build.0 = Debug|Any CPU
		{12187A61-CE55-46B4-A2C9-D452B738DAD7}.Release|Any CPU.ActiveCfg = Release|Any CPU
		{12187A61-CE55-46B4-A2C9-D452B738DAD7}.Release|Any CPU.Build.0 = Release|Any CPU
		{11AB9C7E-AEAA-41B4-84B5-8EA561A50220}.Debug|Any CPU.ActiveCfg = Debug|Any CPU
		{11AB9C7E-AEAA-41B4-84B5-8EA561A50220}.Debug|Any CPU.Build.0 = Debug|Any CPU
		{11AB9C7E-AEAA-41B4-84B5-8EA561A50220}.Release|Any CPU.ActiveCfg = Release|Any CPU
		{11AB9C7E-AEAA-41B4-84B5-8EA561A50220}.Release|Any CPU.Build.0 = Release|Any CPU
		{166AF99F-1CAD-4039-87B9-36566E4CA390}.Debug|Any CPU.ActiveCfg = Debug|Any CPU
		{166AF99F-1CAD-4039-87B9-36566E4CA390}.Debug|Any CPU.Build.0 = Debug|Any CPU
		{166AF99F-1CAD-4039-87B9-36566E4CA390}.Release|Any CPU.ActiveCfg = Release|Any CPU
		{166AF99F-1CAD-4039-87B9-36566E4CA390}.Release|Any CPU.Build.0 = Release|Any CPU
		{F097FA0F-A013-444F-B881-34683D107823}.Debug|Any CPU.ActiveCfg = Debug|Any CPU
		{F097FA0F-A013-444F-B881-34683D107823}.Debug|Any CPU.Build.0 = Debug|Any CPU
		{F097FA0F-A013-444F-B881-34683D107823}.Release|Any CPU.ActiveCfg = Release|Any CPU
		{F097FA0F-A013-444F-B881-34683D107823}.Release|Any CPU.Build.0 = Release|Any CPU
		{CAF2AE94-755F-416D-946D-83798A6E2C12}.Debug|Any CPU.ActiveCfg = Debug|Any CPU
		{CAF2AE94-755F-416D-946D-83798A6E2C12}.Debug|Any CPU.Build.0 = Debug|Any CPU
		{CAF2AE94-755F-416D-946D-83798A6E2C12}.Release|Any CPU.ActiveCfg = Release|Any CPU
		{CAF2AE94-755F-416D-946D-83798A6E2C12}.Release|Any CPU.Build.0 = Release|Any CPU
		{C515BFEB-11D0-49FF-86AB-5A7A62C4DE12}.Debug|Any CPU.ActiveCfg = Debug|Any CPU
		{C515BFEB-11D0-49FF-86AB-5A7A62C4DE12}.Debug|Any CPU.Build.0 = Debug|Any CPU
		{C515BFEB-11D0-49FF-86AB-5A7A62C4DE12}.Release|Any CPU.ActiveCfg = Release|Any CPU
		{C515BFEB-11D0-49FF-86AB-5A7A62C4DE12}.Release|Any CPU.Build.0 = Release|Any CPU
		{E11C9757-68F7-44F8-A9A8-C13AA815C5C7}.Debug|Any CPU.ActiveCfg = Debug|Any CPU
		{E11C9757-68F7-44F8-A9A8-C13AA815C5C7}.Debug|Any CPU.Build.0 = Debug|Any CPU
		{E11C9757-68F7-44F8-A9A8-C13AA815C5C7}.Release|Any CPU.ActiveCfg = Release|Any CPU
		{E11C9757-68F7-44F8-A9A8-C13AA815C5C7}.Release|Any CPU.Build.0 = Release|Any CPU
	EndGlobalSection
	GlobalSection(SolutionProperties) = preSolution
		HideSolutionNode = FALSE
	EndGlobalSection
	GlobalSection(ExtensibilityGlobals) = postSolution
		SolutionGuid = {2C69AFB9-4B81-467B-888D-00C5A29C9E79}
	EndGlobalSection
EndGlobal
